
Microsoft Visual Studio Solution File, Format Version 12.00
# Visual Studio Version 17
VisualStudioVersion = 17.1.32228.430
MinimumVisualStudioVersion = 10.0.40219.1
Project("{9A19103F-16F7-4668-BE54-9A1E7A4F7556}") = "AutoPlacApp", "AutoPlacApp\AutoPlacApp.csproj", "{9BCE727E-867A-49A9-8647-239E6178F3D7}"
EndProject
Project("{9A19103F-16F7-4668-BE54-9A1E7A4F7556}") = "AutoPlacApp.Modeli", "AutoPlacApp.Modeli\AutoPlacApp.Modeli.csproj", "{ABDB950E-245F-4523-B5A5-FF5E7E5736ED}"
EndProject
Project("{9A19103F-16F7-4668-BE54-9A1E7A4F7556}") = "AutoPlacApp.Servisi", "AutoPlacApp.Servisi\AutoPlacApp.Servisi.csproj", "{F58F60E9-B2B8-4FD7-B187-AE7F0B3E19C5}"
EndProject
Global
	GlobalSection(SolutionConfigurationPlatforms) = preSolution
		Debug|Any CPU = Debug|Any CPU
		Release|Any CPU = Release|Any CPU
	EndGlobalSection
	GlobalSection(ProjectConfigurationPlatforms) = postSolution
		{9BCE727E-867A-49A9-8647-239E6178F3D7}.Debug|Any CPU.ActiveCfg = Debug|Any CPU
		{9BCE727E-867A-49A9-8647-239E6178F3D7}.Debug|Any CPU.Build.0 = Debug|Any CPU
		{9BCE727E-867A-49A9-8647-239E6178F3D7}.Release|Any CPU.ActiveCfg = Release|Any CPU
		{9BCE727E-867A-49A9-8647-239E6178F3D7}.Release|Any CPU.Build.0 = Release|Any CPU
		{ABDB950E-245F-4523-B5A5-FF5E7E5736ED}.Debug|Any CPU.ActiveCfg = Debug|Any CPU
		{ABDB950E-245F-4523-B5A5-FF5E7E5736ED}.Debug|Any CPU.Build.0 = Debug|Any CPU
		{ABDB950E-245F-4523-B5A5-FF5E7E5736ED}.Release|Any CPU.ActiveCfg = Release|Any CPU
		{ABDB950E-245F-4523-B5A5-FF5E7E5736ED}.Release|Any CPU.Build.0 = Release|Any CPU
		{F58F60E9-B2B8-4FD7-B187-AE7F0B3E19C5}.Debug|Any CPU.ActiveCfg = Debug|Any CPU
		{F58F60E9-B2B8-4FD7-B187-AE7F0B3E19C5}.Debug|Any CPU.Build.0 = Debug|Any CPU
		{F58F60E9-B2B8-4FD7-B187-AE7F0B3E19C5}.Release|Any CPU.ActiveCfg = Release|Any CPU
		{F58F60E9-B2B8-4FD7-B187-AE7F0B3E19C5}.Release|Any CPU.Build.0 = Release|Any CPU
	EndGlobalSection
	GlobalSection(SolutionProperties) = preSolution
		HideSolutionNode = FALSE
	EndGlobalSection
	GlobalSection(ExtensibilityGlobals) = postSolution
		SolutionGuid = {1E47A6D5-9B89-4575-AA6D-0ED83D8651D5}
	EndGlobalSection
EndGlobal
